// !$*UTF8*$!
{
	archiveVersion = 1;
	classes = {
	};
	objectVersion = 56;
	objects = {

/* Begin PBXFileReference section */
		770CDF352BD9D8E300428F23 /* 03_01_add.c */ = {isa = PBXFileReference; lastKnownFileType = sourcecode.c.c; path = 03_01_add.c; sourceTree = "<group>"; };
		770CDF382BD9DB2700428F23 /* 03_02_sub.c */ = {isa = PBXFileReference; lastKnownFileType = sourcecode.c.c; path = 03_02_sub.c; sourceTree = "<group>"; };
		770CDF392BD9DF2500428F23 /* 03_03_calc.c */ = {isa = PBXFileReference; lastKnownFileType = sourcecode.c.c; path = 03_03_calc.c; sourceTree = "<group>"; };
		770CDF3A2BD9E36200428F23 /* 03_04_scan.c */ = {isa = PBXFileReference; lastKnownFileType = sourcecode.c.c; path = 03_04_scan.c; sourceTree = "<group>"; };
		770CDF3D2BD9E7B700428F23 /* 03_05_scan2.c */ = {isa = PBXFileReference; lastKnownFileType = sourcecode.c.c; path = 03_05_scan2.c; sourceTree = "<group>"; };
		770CDF3E2BD9EA3600428F23 /* 03_issue1_K24142.c */ = {isa = PBXFileReference; lastKnownFileType = sourcecode.c.c; path = 03_issue1_K24142.c; sourceTree = "<group>"; };
		770CDF402BD9EAE800428F23 /* 03_issue2_K24142.c */ = {isa = PBXFileReference; lastKnownFileType = sourcecode.c.c; path = 03_issue2_K24142.c; sourceTree = "<group>"; };
		770CDF412BEC4F2800428F23 /* 04_01_scan.c */ = {isa = PBXFileReference; lastKnownFileType = sourcecode.c.c; path = 04_01_scan.c; sourceTree = "<group>"; };
		770CDF422BEC508F00428F23 /* 04_02_rectangle.c */ = {isa = PBXFileReference; lastKnownFileType = sourcecode.c.c; path = 04_02_rectangle.c; sourceTree = "<group>"; };
		770CDF432BEC52D000428F23 /* 04_03_roundoff.c */ = {isa = PBXFileReference; lastKnownFileType = sourcecode.c.c; path = 04_03_roundoff.c; sourceTree = "<group>"; };
		770CDF442BEC549C00428F23 /* 04_04_convert.c */ = {isa = PBXFileReference; lastKnownFileType = sourcecode.c.c; path = 04_04_convert.c; sourceTree = "<group>"; };
		770CDF462BEC56A100428F23 /* 04_05_average.c */ = {isa = PBXFileReference; lastKnownFileType = sourcecode.c.c; path = 04_05_average.c; sourceTree = "<group>"; };
		770CDF472BEC5D1A00428F23 /* 04_06_if1.c */ = {isa = PBXFileReference; lastKnownFileType = sourcecode.c.c; path = 04_06_if1.c; sourceTree = "<group>"; };
		770CDF482BEC5FEE00428F23 /* 04_issue1_K24142.c */ = {isa = PBXFileReference; lastKnownFileType = sourcecode.c.c; path = 04_issue1_K24142.c; sourceTree = "<group>"; };
		770CDF4A2BEC65EA00428F23 /* 04_issue2_K24142.c */ = {isa = PBXFileReference; lastKnownFileType = sourcecode.c.c; path = 04_issue2_K24142.c; sourceTree = "<group>"; };
		770CDF4B2BEC68A100428F23 /* 04_challenge1_K24142.c */ = {isa = PBXFileReference; lastKnownFileType = sourcecode.c.c; path = 04_challenge1_K24142.c; sourceTree = "<group>"; };
		770CDF4D2BEC717900428F23 /* 04_challenge2_K24142.c */ = {isa = PBXFileReference; lastKnownFileType = sourcecode.c.c; path = 04_challenge2_K24142.c; sourceTree = "<group>"; };
		7775C8CE2BD0A06E006CE4FC /* 02_01_helloWorld.c */ = {isa = PBXFileReference; lastKnownFileType = sourcecode.c.c; path = 02_01_helloWorld.c; sourceTree = "<group>"; };
		7775C8CF2BD0A803006CE4FC /* 02_02_sharp.c */ = {isa = PBXFileReference; lastKnownFileType = sourcecode.c.c; path = 02_02_sharp.c; sourceTree = "<group>"; };
		7775C8D02BD0AE38006CE4FC /* 02_03_sharp.c */ = {isa = PBXFileReference; lastKnownFileType = sourcecode.c.c; path = 02_03_sharp.c; sourceTree = "<group>"; };
		7775C8D12BD0AFA2006CE4FC /* 02_04_lineA.c */ = {isa = PBXFileReference; lastKnownFileType = sourcecode.c.c; path = 02_04_lineA.c; sourceTree = "<group>"; };
		7775C8D42BD0B2A4006CE4FC /* 02_05_add.c */ = {isa = PBXFileReference; lastKnownFileType = sourcecode.c.c; path = 02_05_add.c; sourceTree = "<group>"; };
		7775C8D62BD0B50E006CE4FC /* 02_06_sub.c */ = {isa = PBXFileReference; lastKnownFileType = sourcecode.c.c; path = 02_06_sub.c; sourceTree = "<group>"; };
		7775C8D82BD0B833006CE4FC /* 02_issue2_K24142.c */ = {isa = PBXFileReference; lastKnownFileType = sourcecode.c.c; path = 02_issue2_K24142.c; sourceTree = "<group>"; };
		77F6B7532BC77CFF007CBCE1 /* 01_01_helloWorld.c */ = {isa = PBXFileReference; lastKnownFileType = sourcecode.c.c; path = 01_01_helloWorld.c; sourceTree = "<group>"; };
		77F6B7542BC81C76007CBCE1 /* 01_issue1_k24142.c */ = {isa = PBXFileReference; lastKnownFileType = sourcecode.c.c; path = 01_issue1_k24142.c; sourceTree = "<group>"; };
/* End PBXFileReference section */

/* Begin PBXGroup section */
		77F6B74A2BC77865007CBCE1 = {
			isa = PBXGroup;
			children = (
				770CDF4D2BEC717900428F23 /* 04_challenge2_K24142.c */,
				770CDF4B2BEC68A100428F23 /* 04_challenge1_K24142.c */,
				770CDF4A2BEC65EA00428F23 /* 04_issue2_K24142.c */,
				770CDF482BEC5FEE00428F23 /* 04_issue1_K24142.c */,
				770CDF472BEC5D1A00428F23 /* 04_06_if1.c */,
				770CDF462BEC56A100428F23 /* 04_05_average.c */,
				770CDF442BEC549C00428F23 /* 04_04_convert.c */,
				770CDF432BEC52D000428F23 /* 04_03_roundoff.c */,
				770CDF422BEC508F00428F23 /* 04_02_rectangle.c */,
				770CDF412BEC4F2800428F23 /* 04_01_scan.c */,
				770CDF402BD9EAE800428F23 /* 03_issue2_K24142.c */,
				770CDF3E2BD9EA3600428F23 /* 03_issue1_K24142.c */,
				770CDF3D2BD9E7B700428F23 /* 03_05_scan2.c */,
				770CDF3A2BD9E36200428F23 /* 03_04_scan.c */,
				770CDF392BD9DF2500428F23 /* 03_03_calc.c */,
				770CDF382BD9DB2700428F23 /* 03_02_sub.c */,
				770CDF352BD9D8E300428F23 /* 03_01_add.c */,
				7775C8D82BD0B833006CE4FC /* 02_issue2_K24142.c */,
				7775C8D62BD0B50E006CE4FC /* 02_06_sub.c */,
				7775C8D42BD0B2A4006CE4FC /* 02_05_add.c */,
				7775C8D12BD0AFA2006CE4FC /* 02_04_lineA.c */,
				7775C8D02BD0AE38006CE4FC /* 02_03_sharp.c */,
				77F6B7542BC81C76007CBCE1 /* 01_issue1_k24142.c */,
				7775C8CE2BD0A06E006CE4FC /* 02_01_helloWorld.c */,
				7775C8CF2BD0A803006CE4FC /* 02_02_sharp.c */,
				77F6B7532BC77CFF007CBCE1 /* 01_01_helloWorld.c */,
			);
			sourceTree = "<group>";
		};
/* End PBXGroup section */

/* Begin PBXProject section */
		77F6B74B2BC77865007CBCE1 /* Project object */ = {
			isa = PBXProject;
			attributes = {
				BuildIndependentTargetsInParallel = 1;
				LastUpgradeCheck = 1530;
			};
			buildConfigurationList = 77F6B74E2BC77865007CBCE1 /* Build configuration list for PBXProject "prg1" */;
			compatibilityVersion = "Xcode 14.0";
			developmentRegion = en;
			hasScannedForEncodings = 0;
			knownRegions = (
				en,
				Base,
			);
			mainGroup = 77F6B74A2BC77865007CBCE1;
			projectDirPath = "";
			projectRoot = "";
			targets = (
			);
		};
/* End PBXProject section */

/* Begin XCBuildConfiguration section */
		77F6B74F2BC77865007CBCE1 /* Debug */ = {
			isa = XCBuildConfiguration;
			buildSettings = {
			};
			name = Debug;
		};
		77F6B7502BC77865007CBCE1 /* Release */ = {
			isa = XCBuildConfiguration;
			buildSettings = {
			};
			name = Release;
		};
/* End XCBuildConfiguration section */

/* Begin XCConfigurationList section */
		77F6B74E2BC77865007CBCE1 /* Build configuration list for PBXProject "prg1" */ = {
			isa = XCConfigurationList;
			buildConfigurations = (
				77F6B74F2BC77865007CBCE1 /* Debug */,
				77F6B7502BC77865007CBCE1 /* Release */,
			);
			defaultConfigurationIsVisible = 0;
			defaultConfigurationName = Release;
		};
/* End XCConfigurationList section */
	};
	rootObject = 77F6B74B2BC77865007CBCE1 /* Project object */;
}
